
Microsoft Visual Studio Solution File, Format Version 12.00
# Visual Studio Version 17
VisualStudioVersion = 17.10.35027.167
MinimumVisualStudioVersion = 10.0.40219.1
Project("{FAE04EC0-301F-11D3-BF4B-00C04F79EFBC}") = "RendaFamiliarWindowsForms", "RendaFamiliarWindowsForms\RendaFamiliarWindowsForms.csproj", "{14984939-DBDE-4F80-B9D9-70DD4DFA7435}"
EndProject
Global
	GlobalSection(SolutionConfigurationPlatforms) = preSolution
		Debug|Any CPU = Debug|Any CPU
		Release|Any CPU = Release|Any CPU
	EndGlobalSection
	GlobalSection(ProjectConfigurationPlatforms) = postSolution
		{14984939-DBDE-4F80-B9D9-70DD4DFA7435}.Debug|Any CPU.ActiveCfg = Debug|Any CPU
		{14984939-DBDE-4F80-B9D9-70DD4DFA7435}.Debug|Any CPU.Build.0 = Debug|Any CPU
		{14984939-DBDE-4F80-B9D9-70DD4DFA7435}.Release|Any CPU.ActiveCfg = Release|Any CPU
		{14984939-DBDE-4F80-B9D9-70DD4DFA7435}.Release|Any CPU.Build.0 = Release|Any CPU
	EndGlobalSection
	GlobalSection(SolutionProperties) = preSolution
		HideSolutionNode = FALSE
	EndGlobalSection
	GlobalSection(ExtensibilityGlobals) = postSolution
		SolutionGuid = {733D8662-7A7F-4950-9F4F-022DE503C760}
	EndGlobalSection
EndGlobal
